// !$*UTF8*$!
{
	archiveVersion = 1;
	classes = {
	};
	objectVersion = 48;
	objects = {

/* Begin PBXBuildFile section */
		223D8F601FAC5BF5003369E6 /* Assets.xcassets in Resources */ = {isa = PBXBuildFile; fileRef = 223D8F5F1FAC5BF5003369E6 /* Assets.xcassets */; };
		223D8F661FAC5BF5003369E6 /* main.m in Sources */ = {isa = PBXBuildFile; fileRef = 223D8F651FAC5BF5003369E6 /* main.m */; };
		223D8F6F1FAC5E38003369E6 /* Base.m in Sources */ = {isa = PBXBuildFile; fileRef = 223D8F6E1FAC5E38003369E6 /* Base.m */; };
		223D8F781FAC74E5003369E6 /* Son.m in Sources */ = {isa = PBXBuildFile; fileRef = 223D8F771FAC74E5003369E6 /* Son.m */; };
		223D8F7E1FAC79E7003369E6 /* Hantai.m in Sources */ = {isa = PBXBuildFile; fileRef = 223D8F7D1FAC79E7003369E6 /* Hantai.m */; };
		223D8F841FAD5AB0003369E6 /* Zhupi.m in Sources */ = {isa = PBXBuildFile; fileRef = 223D8F831FAD5AAF003369E6 /* Zhupi.m */; };
/* End PBXBuildFile section */

/* Begin PBXFileReference section */
		223D8F531FAC5BF5003369E6 /* runtime-demo.app */ = {isa = PBXFileReference; explicitFileType = wrapper.application; includeInIndex = 0; path = "runtime-demo.app"; sourceTree = BUILT_PRODUCTS_DIR; };
		223D8F5F1FAC5BF5003369E6 /* Assets.xcassets */ = {isa = PBXFileReference; lastKnownFileType = folder.assetcatalog; path = Assets.xcassets; sourceTree = "<group>"; };
		223D8F641FAC5BF5003369E6 /* Info.plist */ = {isa = PBXFileReference; lastKnownFileType = text.plist.xml; path = Info.plist; sourceTree = "<group>"; };
		223D8F651FAC5BF5003369E6 /* main.m */ = {isa = PBXFileReference; lastKnownFileType = sourcecode.c.objc; path = main.m; sourceTree = "<group>"; };
		223D8F6D1FAC5E38003369E6 /* Base.h */ = {isa = PBXFileReference; lastKnownFileType = sourcecode.c.h; path = Base.h; sourceTree = "<group>"; };
		223D8F6E1FAC5E38003369E6 /* Base.m */ = {isa = PBXFileReference; lastKnownFileType = sourcecode.c.objc; path = Base.m; sourceTree = "<group>"; };
		223D8F761FAC74E5003369E6 /* Son.h */ = {isa = PBXFileReference; lastKnownFileType = sourcecode.c.h; path = Son.h; sourceTree = "<group>"; };
		223D8F771FAC74E5003369E6 /* Son.m */ = {isa = PBXFileReference; lastKnownFileType = sourcecode.c.objc; path = Son.m; sourceTree = "<group>"; };
		223D8F7C1FAC79E7003369E6 /* Hantai.h */ = {isa = PBXFileReference; lastKnownFileType = sourcecode.c.h; path = Hantai.h; sourceTree = "<group>"; };
		223D8F7D1FAC79E7003369E6 /* Hantai.m */ = {isa = PBXFileReference; lastKnownFileType = sourcecode.c.objc; path = Hantai.m; sourceTree = "<group>"; };
		223D8F821FAD5AAF003369E6 /* Zhupi.h */ = {isa = PBXFileReference; lastKnownFileType = sourcecode.c.h; path = Zhupi.h; sourceTree = "<group>"; };
		223D8F831FAD5AAF003369E6 /* Zhupi.m */ = {isa = PBXFileReference; lastKnownFileType = sourcecode.c.objc; path = Zhupi.m; sourceTree = "<group>"; };
/* End PBXFileReference section */

/* Begin PBXFrameworksBuildPhase section */
		223D8F501FAC5BF5003369E6 /* Frameworks */ = {
			isa = PBXFrameworksBuildPhase;
			buildActionMask = 2147483647;
			files = (
			);
			runOnlyForDeploymentPostprocessing = 0;
		};
/* End PBXFrameworksBuildPhase section */

/* Begin PBXGroup section */
		223D8F4A1FAC5BF5003369E6 = {
			isa = PBXGroup;
			children = (
				223D8F551FAC5BF5003369E6 /* runtime-demo */,
				223D8F541FAC5BF5003369E6 /* Products */,
			);
			sourceTree = "<group>";
		};
		223D8F541FAC5BF5003369E6 /* Products */ = {
			isa = PBXGroup;
			children = (
				223D8F531FAC5BF5003369E6 /* runtime-demo.app */,
			);
			name = Products;
			sourceTree = "<group>";
		};
		223D8F551FAC5BF5003369E6 /* runtime-demo */ = {
			isa = PBXGroup;
			children = (
				223D8F6D1FAC5E38003369E6 /* Base.h */,
				223D8F6E1FAC5E38003369E6 /* Base.m */,
				223D8F761FAC74E5003369E6 /* Son.h */,
				223D8F771FAC74E5003369E6 /* Son.m */,
				223D8F7C1FAC79E7003369E6 /* Hantai.h */,
				223D8F7D1FAC79E7003369E6 /* Hantai.m */,
				223D8F821FAD5AAF003369E6 /* Zhupi.h */,
				223D8F831FAD5AAF003369E6 /* Zhupi.m */,
				223D8F5F1FAC5BF5003369E6 /* Assets.xcassets */,
				223D8F641FAC5BF5003369E6 /* Info.plist */,
				223D8F651FAC5BF5003369E6 /* main.m */,
			);
			path = "runtime-demo";
			sourceTree = "<group>";
		};
/* End PBXGroup section */

/* Begin PBXNativeTarget section */
		223D8F521FAC5BF5003369E6 /* runtime-demo */ = {
			isa = PBXNativeTarget;
			buildConfigurationList = 223D8F691FAC5BF5003369E6 /* Build configuration list for PBXNativeTarget "runtime-demo" */;
			buildPhases = (
				223D8F4F1FAC5BF5003369E6 /* Sources */,
				223D8F501FAC5BF5003369E6 /* Frameworks */,
				223D8F511FAC5BF5003369E6 /* Resources */,
			);
			buildRules = (
			);
			dependencies = (
			);
			name = "runtime-demo";
			productName = "runtime-demo";
			productReference = 223D8F531FAC5BF5003369E6 /* runtime-demo.app */;
			productType = "com.apple.product-type.application";
		};
/* End PBXNativeTarget section */

/* Begin PBXProject section */
		223D8F4B1FAC5BF5003369E6 /* Project object */ = {
			isa = PBXProject;
			attributes = {
				LastUpgradeCheck = 0900;
				ORGANIZATIONNAME = huangzihao;
				TargetAttributes = {
					223D8F521FAC5BF5003369E6 = {
						CreatedOnToolsVersion = 9.0;
						ProvisioningStyle = Automatic;
					};
				};
			};
			buildConfigurationList = 223D8F4E1FAC5BF5003369E6 /* Build configuration list for PBXProject "runtime-demo" */;
			compatibilityVersion = "Xcode 8.0";
			developmentRegion = en;
			hasScannedForEncodings = 0;
			knownRegions = (
				en,
				Base,
			);
			mainGroup = 223D8F4A1FAC5BF5003369E6;
			productRefGroup = 223D8F541FAC5BF5003369E6 /* Products */;
			projectDirPath = "";
			projectRoot = "";
			targets = (
				223D8F521FAC5BF5003369E6 /* runtime-demo */,
			);
		};
/* End PBXProject section */

/* Begin PBXResourcesBuildPhase section */
		223D8F511FAC5BF5003369E6 /* Resources */ = {
			isa = PBXResourcesBuildPhase;
			buildActionMask = 2147483647;
			files = (
				223D8F601FAC5BF5003369E6 /* Assets.xcassets in Resources */,
			);
			runOnlyForDeploymentPostprocessing = 0;
		};
/* End PBXResourcesBuildPhase section */

/* Begin PBXSourcesBuildPhase section */
		223D8F4F1FAC5BF5003369E6 /* Sources */ = {
			isa = PBXSourcesBuildPhase;
			buildActionMask = 2147483647;
			files = (
				223D8F7E1FAC79E7003369E6 /* Hantai.m in Sources */,
				223D8F781FAC74E5003369E6 /* Son.m in Sources */,
				223D8F6F1FAC5E38003369E6 /* Base.m in Sources */,
				223D8F841FAD5AB0003369E6 /* Zhupi.m in Sources */,
				223D8F661FAC5BF5003369E6 /* main.m in Sources */,
			);
			runOnlyForDeploymentPostprocessing = 0;
		};
/* End PBXSourcesBuildPhase section */

/* Begin XCBuildConfiguration section */
		223D8F671FAC5BF5003369E6 /* Debug */ = {
			isa = XCBuildConfiguration;
			buildSettings = {
				ALWAYS_SEARCH_USER_PATHS = NO;
				CLANG_ANALYZER_NONNULL = YES;
				CLANG_ANALYZER_NUMBER_OBJECT_CONVERSION = YES_AGGRESSIVE;
				CLANG_CXX_LANGUAGE_STANDARD = "gnu++14";
				CLANG_CXX_LIBRARY = "libc++";
				CLANG_ENABLE_MODULES = YES;
				CLANG_ENABLE_OBJC_ARC = YES;
				CLANG_WARN_BLOCK_CAPTURE_AUTORELEASING = YES;
				CLANG_WARN_BOOL_CONVERSION = YES;
				CLANG_WARN_COMMA = YES;
				CLANG_WARN_CONSTANT_CONVERSION = YES;
				CLANG_WARN_DIRECT_OBJC_ISA_USAGE = YES_ERROR;
				CLANG_WARN_DOCUMENTATION_COMMENTS = YES;
				CLANG_WARN_EMPTY_BODY = YES;
				CLANG_WARN_ENUM_CONVERSION = YES;
				CLANG_WARN_INFINITE_RECURSION = YES;
				CLANG_WARN_INT_CONVERSION = YES;
				CLANG_WARN_NON_LITERAL_NULL_CONVERSION = YES;
				CLANG_WARN_OBJC_LITERAL_CONVERSION = YES;
				CLANG_WARN_OBJC_ROOT_CLASS = YES_ERROR;
				CLANG_WARN_RANGE_LOOP_ANALYSIS = YES;
				CLANG_WARN_STRICT_PROTOTYPES = YES;
				CLANG_WARN_SUSPICIOUS_MOVE = YES;
				CLANG_WARN_UNGUARDED_AVAILABILITY = YES_AGGRESSIVE;
				CLANG_WARN_UNREACHABLE_CODE = YES;
				CLANG_WARN__DUPLICATE_METHOD_MATCH = YES;
				CODE_SIGN_IDENTITY = "iPhone Developer";
				COPY_PHASE_STRIP = NO;
				DEBUG_INFORMATION_FORMAT = dwarf;
				ENABLE_STRICT_OBJC_MSGSEND = YES;
				ENABLE_TESTABILITY = YES;
				GCC_C_LANGUAGE_STANDARD = gnu11;
				GCC_DYNAMIC_NO_PIC = NO;
				GCC_NO_COMMON_BLOCKS = YES;
				GCC_OPTIMIZATION_LEVEL = 0;
				GCC_PREPROCESSOR_DEFINITIONS = (
					"DEBUG=1",
					"$(inherited)",
				);
				GCC_WARN_64_TO_32_BIT_CONVERSION = YES;
				GCC_WARN_ABOUT_RETURN_TYPE = YES_ERROR;
				GCC_WARN_UNDECLARED_SELECTOR = YES;
				GCC_WARN_UNINITIALIZED_AUTOS = YES_AGGRESSIVE;
				GCC_WARN_UNUSED_FUNCTION = YES;
				GCC_WARN_UNUSED_VARIABLE = YES;
				IPHONEOS_DEPLOYMENT_TARGET = 11.0;
				MTL_ENABLE_DEBUG_INFO = YES;
				ONLY_ACTIVE_ARCH = YES;
				SDKROOT = iphoneos;
			};
			name = Debug;
		};
		223D8F681FAC5BF5003369E6 /* Release */ = {
			isa = XCBuildConfiguration;
			buildSettings = {
				ALWAYS_SEARCH_USER_PATHS = NO;
				CLANG_ANALYZER_NONNULL = YES;
				CLANG_ANALYZER_NUMBER_OBJECT_CONVERSION = YES_AGGRESSIVE;
				CLANG_CXX_LANGUAGE_STANDARD = "gnu++14";
				CLANG_CXX_LIBRARY = "libc++";
				CLANG_ENABLE_MODULES = YES;
				CLANG_ENABLE_OBJC_ARC = YES;
				CLANG_WARN_BLOCK_CAPTURE_AUTORELEASING = YES;
				CLANG_WARN_BOOL_CONVERSION = YES;
				CLANG_WARN_COMMA = YES;
				CLANG_WARN_CONSTANT_CONVERSION = YES;
				CLANG_WARN_DIRECT_OBJC_ISA_USAGE = YES_ERROR;
				CLANG_WARN_DOCUMENTATION_COMMENTS = YES;
				CLANG_WARN_EMPTY_BODY = YES;
				CLANG_WARN_ENUM_CONVERSION = YES;
				CLANG_WARN_INFINITE_RECURSION = YES;
				CLANG_WARN_INT_CONVERSION = YES;
				CLANG_WARN_NON_LITERAL_NULL_CONVERSION = YES;
				CLANG_WARN_OBJC_LITERAL_CONVERSION = YES;
				CLANG_WARN_OBJC_ROOT_CLASS = YES_ERROR;
				CLANG_WARN_RANGE_LOOP_ANALYSIS = YES;
				CLANG_WARN_STRICT_PROTOTYPES = YES;
				CLANG_WARN_SUSPICIOUS_MOVE = YES;
				CLANG_WARN_UNGUARDED_AVAILABILITY = YES_AGGRESSIVE;
				CLANG_WARN_UNREACHABLE_CODE = YES;
				CLANG_WARN__DUPLICATE_METHOD_MATCH = YES;
				CODE_SIGN_IDENTITY = "iPhone Developer";
				COPY_PHASE_STRIP = NO;
				DEBUG_INFORMATION_FORMAT = "dwarf-with-dsym";
				ENABLE_NS_ASSERTIONS = NO;
				ENABLE_STRICT_OBJC_MSGSEND = YES;
				GCC_C_LANGUAGE_STANDARD = gnu11;
				GCC_NO_COMMON_BLOCKS = YES;
				GCC_WARN_64_TO_32_BIT_CONVERSION = YES;
				GCC_WARN_ABOUT_RETURN_TYPE = YES_ERROR;
				GCC_WARN_UNDECLARED_SELECTOR = YES;
				GCC_WARN_UNINITIALIZED_AUTOS = YES_AGGRESSIVE;
				GCC_WARN_UNUSED_FUNCTION = YES;
				GCC_WARN_UNUSED_VARIABLE = YES;
				IPHONEOS_DEPLOYMENT_TARGET = 11.0;
				MTL_ENABLE_DEBUG_INFO = NO;
				SDKROOT = iphoneos;
				VALIDATE_PRODUCT = YES;
			};
			name = Release;
		};
		223D8F6A1FAC5BF5003369E6 /* Debug */ = {
			isa = XCBuildConfiguration;
			buildSettings = {
				ASSETCATALOG_COMPILER_APPICON_NAME = AppIcon;
				CODE_SIGN_STYLE = Automatic;
				INFOPLIST_FILE = "runtime-demo/Info.plist";
				LD_RUNPATH_SEARCH_PATHS = "$(inherited) @executable_path/Frameworks";
				PRODUCT_BUNDLE_IDENTIFIER = "cn.chutong.runtime-demo";
				PRODUCT_NAME = "$(TARGET_NAME)";
				TARGETED_DEVICE_FAMILY = "1,2";
			};
			name = Debug;
		};
		223D8F6B1FAC5BF5003369E6 /* Release */ = {
			isa = XCBuildConfiguration;
			buildSettings = {
				ASSETCATALOG_COMPILER_APPICON_NAME = AppIcon;
				CODE_SIGN_STYLE = Automatic;
				INFOPLIST_FILE = "runtime-demo/Info.plist";
				LD_RUNPATH_SEARCH_PATHS = "$(inherited) @executable_path/Frameworks";
				PRODUCT_BUNDLE_IDENTIFIER = "cn.chutong.runtime-demo";
				PRODUCT_NAME = "$(TARGET_NAME)";
				TARGETED_DEVICE_FAMILY = "1,2";
			};
			name = Release;
		};
/* End XCBuildConfiguration section */

/* Begin XCConfigurationList section */
		223D8F4E1FAC5BF5003369E6 /* Build configuration list for PBXProject "runtime-demo" */ = {
			isa = XCConfigurationList;
			buildConfigurations = (
				223D8F671FAC5BF5003369E6 /* Debug */,
				223D8F681FAC5BF5003369E6 /* Release */,
			);
			defaultConfigurationIsVisible = 0;
			defaultConfigurationName = Release;
		};
		223D8F691FAC5BF5003369E6 /* Build configuration list for PBXNativeTarget "runtime-demo" */ = {
			isa = XCConfigurationList;
			buildConfigurations = (
				223D8F6A1FAC5BF5003369E6 /* Debug */,
				223D8F6B1FAC5BF5003369E6 /* Release */,
			);
			defaultConfigurationIsVisible = 0;
			defaultConfigurationName = Release;
		};
/* End XCConfigurationList section */
	};
	rootObject = 223D8F4B1FAC5BF5003369E6 /* Project object */;
}
